// !$*UTF8*$!
{
	archiveVersion = 1;
	classes = {
	};
	objectVersion = 56;
	objects = {

/* Begin PBXBuildFile section */
		509750062AE5F57F002CD7DB /* HeadSheetsApp.swift in Sources */ = {isa = PBXBuildFile; fileRef = 509750052AE5F57F002CD7DB /* HeadSheetsApp.swift */; };
		509750082AE5F57F002CD7DB /* HeadSheetsDocument.swift in Sources */ = {isa = PBXBuildFile; fileRef = 509750072AE5F57F002CD7DB /* HeadSheetsDocument.swift */; };
		5097500A2AE5F57F002CD7DB /* ContentView.swift in Sources */ = {isa = PBXBuildFile; fileRef = 509750092AE5F57F002CD7DB /* ContentView.swift */; };
		5097500C2AE5F580002CD7DB /* Assets.xcassets in Resources */ = {isa = PBXBuildFile; fileRef = 5097500B2AE5F580002CD7DB /* Assets.xcassets */; };
		5097500F2AE5F580002CD7DB /* Preview Assets.xcassets in Resources */ = {isa = PBXBuildFile; fileRef = 5097500E2AE5F580002CD7DB /* Preview Assets.xcassets */; };
		5097501B2AE5F580002CD7DB /* HeadSheetsTests.swift in Sources */ = {isa = PBXBuildFile; fileRef = 5097501A2AE5F580002CD7DB /* HeadSheetsTests.swift */; };
		509750252AE5F580002CD7DB /* HeadSheetsUITests.swift in Sources */ = {isa = PBXBuildFile; fileRef = 509750242AE5F580002CD7DB /* HeadSheetsUITests.swift */; };
		509750272AE5F580002CD7DB /* HeadSheetsUITestsLaunchTests.swift in Sources */ = {isa = PBXBuildFile; fileRef = 509750262AE5F580002CD7DB /* HeadSheetsUITestsLaunchTests.swift */; };
/* End PBXBuildFile section */

/* Begin PBXContainerItemProxy section */
		509750172AE5F580002CD7DB /* PBXContainerItemProxy */ = {
			isa = PBXContainerItemProxy;
			containerPortal = 50974FFA2AE5F57F002CD7DB /* Project object */;
			proxyType = 1;
			remoteGlobalIDString = 509750012AE5F57F002CD7DB;
			remoteInfo = HeadSheets;
		};
		509750212AE5F580002CD7DB /* PBXContainerItemProxy */ = {
			isa = PBXContainerItemProxy;
			containerPortal = 50974FFA2AE5F57F002CD7DB /* Project object */;
			proxyType = 1;
			remoteGlobalIDString = 509750012AE5F57F002CD7DB;
			remoteInfo = HeadSheets;
		};
/* End PBXContainerItemProxy section */

/* Begin PBXFileReference section */
		509750022AE5F57F002CD7DB /* HeadSheets.app */ = {isa = PBXFileReference; explicitFileType = wrapper.application; includeInIndex = 0; path = HeadSheets.app; sourceTree = BUILT_PRODUCTS_DIR; };
		509750052AE5F57F002CD7DB /* HeadSheetsApp.swift */ = {isa = PBXFileReference; lastKnownFileType = sourcecode.swift; path = HeadSheetsApp.swift; sourceTree = "<group>"; };
		509750072AE5F57F002CD7DB /* HeadSheetsDocument.swift */ = {isa = PBXFileReference; lastKnownFileType = sourcecode.swift; path = HeadSheetsDocument.swift; sourceTree = "<group>"; };
		509750092AE5F57F002CD7DB /* ContentView.swift */ = {isa = PBXFileReference; lastKnownFileType = sourcecode.swift; path = ContentView.swift; sourceTree = "<group>"; };
		5097500B2AE5F580002CD7DB /* Assets.xcassets */ = {isa = PBXFileReference; lastKnownFileType = folder.assetcatalog; path = Assets.xcassets; sourceTree = "<group>"; };
		5097500E2AE5F580002CD7DB /* Preview Assets.xcassets */ = {isa = PBXFileReference; lastKnownFileType = folder.assetcatalog; path = "Preview Assets.xcassets"; sourceTree = "<group>"; };
		509750102AE5F580002CD7DB /* Info.plist */ = {isa = PBXFileReference; lastKnownFileType = text.plist.xml; path = Info.plist; sourceTree = "<group>"; };
		509750112AE5F580002CD7DB /* HeadSheets.entitlements */ = {isa = PBXFileReference; lastKnownFileType = text.plist.entitlements; path = HeadSheets.entitlements; sourceTree = "<group>"; };
		509750162AE5F580002CD7DB /* HeadSheetsTests.xctest */ = {isa = PBXFileReference; explicitFileType = wrapper.cfbundle; includeInIndex = 0; path = HeadSheetsTests.xctest; sourceTree = BUILT_PRODUCTS_DIR; };
		5097501A2AE5F580002CD7DB /* HeadSheetsTests.swift */ = {isa = PBXFileReference; lastKnownFileType = sourcecode.swift; path = HeadSheetsTests.swift; sourceTree = "<group>"; };
		509750202AE5F580002CD7DB /* HeadSheetsUITests.xctest */ = {isa = PBXFileReference; explicitFileType = wrapper.cfbundle; includeInIndex = 0; path = HeadSheetsUITests.xctest; sourceTree = BUILT_PRODUCTS_DIR; };
		509750242AE5F580002CD7DB /* HeadSheetsUITests.swift */ = {isa = PBXFileReference; lastKnownFileType = sourcecode.swift; path = HeadSheetsUITests.swift; sourceTree = "<group>"; };
		509750262AE5F580002CD7DB /* HeadSheetsUITestsLaunchTests.swift */ = {isa = PBXFileReference; lastKnownFileType = sourcecode.swift; path = HeadSheetsUITestsLaunchTests.swift; sourceTree = "<group>"; };
/* End PBXFileReference section */

/* Begin PBXFrameworksBuildPhase section */
		50974FFF2AE5F57F002CD7DB /* Frameworks */ = {
			isa = PBXFrameworksBuildPhase;
			buildActionMask = 2147483647;
			files = (
			);
			runOnlyForDeploymentPostprocessing = 0;
		};
		509750132AE5F580002CD7DB /* Frameworks */ = {
			isa = PBXFrameworksBuildPhase;
			buildActionMask = 2147483647;
			files = (
			);
			runOnlyForDeploymentPostprocessing = 0;
		};
		5097501D2AE5F580002CD7DB /* Frameworks */ = {
			isa = PBXFrameworksBuildPhase;
			buildActionMask = 2147483647;
			files = (
			);
			runOnlyForDeploymentPostprocessing = 0;
		};
/* End PBXFrameworksBuildPhase section */

/* Begin PBXGroup section */
		50974FF92AE5F57F002CD7DB = {
			isa = PBXGroup;
			children = (
				509750042AE5F57F002CD7DB /* HeadSheets */,
				509750192AE5F580002CD7DB /* HeadSheetsTests */,
				509750232AE5F580002CD7DB /* HeadSheetsUITests */,
				509750032AE5F57F002CD7DB /* Products */,
			);
			sourceTree = "<group>";
		};
		509750032AE5F57F002CD7DB /* Products */ = {
			isa = PBXGroup;
			children = (
				509750022AE5F57F002CD7DB /* HeadSheets.app */,
				509750162AE5F580002CD7DB /* HeadSheetsTests.xctest */,
				509750202AE5F580002CD7DB /* HeadSheetsUITests.xctest */,
			);
			name = Products;
			sourceTree = "<group>";
		};
		509750042AE5F57F002CD7DB /* HeadSheets */ = {
			isa = PBXGroup;
			children = (
				509750052AE5F57F002CD7DB /* HeadSheetsApp.swift */,
				509750072AE5F57F002CD7DB /* HeadSheetsDocument.swift */,
				509750092AE5F57F002CD7DB /* ContentView.swift */,
				5097500B2AE5F580002CD7DB /* Assets.xcassets */,
				509750102AE5F580002CD7DB /* Info.plist */,
				509750112AE5F580002CD7DB /* HeadSheets.entitlements */,
				5097500D2AE5F580002CD7DB /* Preview Content */,
			);
			path = HeadSheets;
			sourceTree = "<group>";
		};
		5097500D2AE5F580002CD7DB /* Preview Content */ = {
			isa = PBXGroup;
			children = (
				5097500E2AE5F580002CD7DB /* Preview Assets.xcassets */,
			);
			path = "Preview Content";
			sourceTree = "<group>";
		};
		509750192AE5F580002CD7DB /* HeadSheetsTests */ = {
			isa = PBXGroup;
			children = (
				5097501A2AE5F580002CD7DB /* HeadSheetsTests.swift */,
			);
			path = HeadSheetsTests;
			sourceTree = "<group>";
		};
		509750232AE5F580002CD7DB /* HeadSheetsUITests */ = {
			isa = PBXGroup;
			children = (
				509750242AE5F580002CD7DB /* HeadSheetsUITests.swift */,
				509750262AE5F580002CD7DB /* HeadSheetsUITestsLaunchTests.swift */,
			);
			path = HeadSheetsUITests;
			sourceTree = "<group>";
		};
/* End PBXGroup section */

/* Begin PBXNativeTarget section */
		509750012AE5F57F002CD7DB /* HeadSheets */ = {
			isa = PBXNativeTarget;
			buildConfigurationList = 5097502A2AE5F580002CD7DB /* Build configuration list for PBXNativeTarget "HeadSheets" */;
			buildPhases = (
				50974FFE2AE5F57F002CD7DB /* Sources */,
				50974FFF2AE5F57F002CD7DB /* Frameworks */,
				509750002AE5F57F002CD7DB /* Resources */,
			);
			buildRules = (
			);
			dependencies = (
			);
			name = HeadSheets;
			productName = HeadSheets;
			productReference = 509750022AE5F57F002CD7DB /* HeadSheets.app */;
			productType = "com.apple.product-type.application";
		};
		509750152AE5F580002CD7DB /* HeadSheetsTests */ = {
			isa = PBXNativeTarget;
			buildConfigurationList = 5097502D2AE5F580002CD7DB /* Build configuration list for PBXNativeTarget "HeadSheetsTests" */;
			buildPhases = (
				509750122AE5F580002CD7DB /* Sources */,
				509750132AE5F580002CD7DB /* Frameworks */,
				509750142AE5F580002CD7DB /* Resources */,
			);
			buildRules = (
			);
			dependencies = (
				509750182AE5F580002CD7DB /* PBXTargetDependency */,
			);
			name = HeadSheetsTests;
			productName = HeadSheetsTests;
			productReference = 509750162AE5F580002CD7DB /* HeadSheetsTests.xctest */;
			productType = "com.apple.product-type.bundle.unit-test";
		};
		5097501F2AE5F580002CD7DB /* HeadSheetsUITests */ = {
			isa = PBXNativeTarget;
			buildConfigurationList = 509750302AE5F580002CD7DB /* Build configuration list for PBXNativeTarget "HeadSheetsUITests" */;
			buildPhases = (
				5097501C2AE5F580002CD7DB /* Sources */,
				5097501D2AE5F580002CD7DB /* Frameworks */,
				5097501E2AE5F580002CD7DB /* Resources */,
			);
			buildRules = (
			);
			dependencies = (
				509750222AE5F580002CD7DB /* PBXTargetDependency */,
			);
			name = HeadSheetsUITests;
			productName = HeadSheetsUITests;
			productReference = 509750202AE5F580002CD7DB /* HeadSheetsUITests.xctest */;
			productType = "com.apple.product-type.bundle.ui-testing";
		};
/* End PBXNativeTarget section */

/* Begin PBXProject section */
		50974FFA2AE5F57F002CD7DB /* Project object */ = {
			isa = PBXProject;
			attributes = {
				BuildIndependentTargetsInParallel = 1;
				LastSwiftUpdateCheck = 1500;
				LastUpgradeCheck = 1500;
				TargetAttributes = {
					509750012AE5F57F002CD7DB = {
						CreatedOnToolsVersion = 15.0.1;
					};
					509750152AE5F580002CD7DB = {
						CreatedOnToolsVersion = 15.0.1;
						TestTargetID = 509750012AE5F57F002CD7DB;
					};
					5097501F2AE5F580002CD7DB = {
						CreatedOnToolsVersion = 15.0.1;
						TestTargetID = 509750012AE5F57F002CD7DB;
					};
				};
			};
			buildConfigurationList = 50974FFD2AE5F57F002CD7DB /* Build configuration list for PBXProject "HeadSheets" */;
			compatibilityVersion = "Xcode 14.0";
			developmentRegion = en;
			hasScannedForEncodings = 0;
			knownRegions = (
				en,
				Base,
			);
			mainGroup = 50974FF92AE5F57F002CD7DB;
			productRefGroup = 509750032AE5F57F002CD7DB /* Products */;
			projectDirPath = "";
			projectRoot = "";
			targets = (
				509750012AE5F57F002CD7DB /* HeadSheets */,
				509750152AE5F580002CD7DB /* HeadSheetsTests */,
				5097501F2AE5F580002CD7DB /* HeadSheetsUITests */,
			);
		};
/* End PBXProject section */

/* Begin PBXResourcesBuildPhase section */
		509750002AE5F57F002CD7DB /* Resources */ = {
			isa = PBXResourcesBuildPhase;
			buildActionMask = 2147483647;
			files = (
				5097500F2AE5F580002CD7DB /* Preview Assets.xcassets in Resources */,
				5097500C2AE5F580002CD7DB /* Assets.xcassets in Resources */,
			);
			runOnlyForDeploymentPostprocessing = 0;
		};
		509750142AE5F580002CD7DB /* Resources */ = {
			isa = PBXResourcesBuildPhase;
			buildActionMask = 2147483647;
			files = (
			);
			runOnlyForDeploymentPostprocessing = 0;
		};
		5097501E2AE5F580002CD7DB /* Resources */ = {
			isa = PBXResourcesBuildPhase;
			buildActionMask = 2147483647;
			files = (
			);
			runOnlyForDeploymentPostprocessing = 0;
		};
/* End PBXResourcesBuildPhase section */

/* Begin PBXSourcesBuildPhase section */
		50974FFE2AE5F57F002CD7DB /* Sources */ = {
			isa = PBXSourcesBuildPhase;
			buildActionMask = 2147483647;
			files = (
				509750082AE5F57F002CD7DB /* HeadSheetsDocument.swift in Sources */,
				509750062AE5F57F002CD7DB /* HeadSheetsApp.swift in Sources */,
				5097500A2AE5F57F002CD7DB /* ContentView.swift in Sources */,
			);
			runOnlyForDeploymentPostprocessing = 0;
		};
		509750122AE5F580002CD7DB /* Sources */ = {
			isa = PBXSourcesBuildPhase;
			buildActionMask = 2147483647;
			files = (
				5097501B2AE5F580002CD7DB /* HeadSheetsTests.swift in Sources */,
			);
			runOnlyForDeploymentPostprocessing = 0;
		};
		5097501C2AE5F580002CD7DB /* Sources */ = {
			isa = PBXSourcesBuildPhase;
			buildActionMask = 2147483647;
			files = (
				509750272AE5F580002CD7DB /* HeadSheetsUITestsLaunchTests.swift in Sources */,
				509750252AE5F580002CD7DB /* HeadSheetsUITests.swift in Sources */,
			);
			runOnlyForDeploymentPostprocessing = 0;
		};
/* End PBXSourcesBuildPhase section */

/* Begin PBXTargetDependency section */
		509750182AE5F580002CD7DB /* PBXTargetDependency */ = {
			isa = PBXTargetDependency;
			target = 509750012AE5F57F002CD7DB /* HeadSheets */;
			targetProxy = 509750172AE5F580002CD7DB /* PBXContainerItemProxy */;
		};
		509750222AE5F580002CD7DB /* PBXTargetDependency */ = {
			isa = PBXTargetDependency;
			target = 509750012AE5F57F002CD7DB /* HeadSheets */;
			targetProxy = 509750212AE5F580002CD7DB /* PBXContainerItemProxy */;
		};
/* End PBXTargetDependency section */

/* Begin XCBuildConfiguration section */
		509750282AE5F580002CD7DB /* Debug */ = {
			isa = XCBuildConfiguration;
			buildSettings = {
				ALWAYS_SEARCH_USER_PATHS = NO;
				ASSETCATALOG_COMPILER_GENERATE_SWIFT_ASSET_SYMBOL_EXTENSIONS = YES;
				CLANG_ANALYZER_NONNULL = YES;
				CLANG_ANALYZER_NUMBER_OBJECT_CONVERSION = YES_AGGRESSIVE;
				CLANG_CXX_LANGUAGE_STANDARD = "gnu++20";
				CLANG_ENABLE_MODULES = YES;
				CLANG_ENABLE_OBJC_ARC = YES;
				CLANG_ENABLE_OBJC_WEAK = YES;
				CLANG_WARN_BLOCK_CAPTURE_AUTORELEASING = YES;
				CLANG_WARN_BOOL_CONVERSION = YES;
				CLANG_WARN_COMMA = YES;
				CLANG_WARN_CONSTANT_CONVERSION = YES;
				CLANG_WARN_DEPRECATED_OBJC_IMPLEMENTATIONS = YES;
				CLANG_WARN_DIRECT_OBJC_ISA_USAGE = YES_ERROR;
				CLANG_WARN_DOCUMENTATION_COMMENTS = YES;
				CLANG_WARN_EMPTY_BODY = YES;
				CLANG_WARN_ENUM_CONVERSION = YES;
				CLANG_WARN_INFINITE_RECURSION = YES;
				CLANG_WARN_INT_CONVERSION = YES;
				CLANG_WARN_NON_LITERAL_NULL_CONVERSION = YES;
				CLANG_WARN_OBJC_IMPLICIT_RETAIN_SELF = YES;
				CLANG_WARN_OBJC_LITERAL_CONVERSION = YES;
				CLANG_WARN_OBJC_ROOT_CLASS = YES_ERROR;
				CLANG_WARN_QUOTED_INCLUDE_IN_FRAMEWORK_HEADER = YES;
				CLANG_WARN_RANGE_LOOP_ANALYSIS = YES;
				CLANG_WARN_STRICT_PROTOTYPES = YES;
				CLANG_WARN_SUSPICIOUS_MOVE = YES;
				CLANG_WARN_UNGUARDED_AVAILABILITY = YES_AGGRESSIVE;
				CLANG_WARN_UNREACHABLE_CODE = YES;
				CLANG_WARN__DUPLICATE_METHOD_MATCH = YES;
				COPY_PHASE_STRIP = NO;
				DEBUG_INFORMATION_FORMAT = dwarf;
				ENABLE_STRICT_OBJC_MSGSEND = YES;
				ENABLE_TESTABILITY = YES;
				ENABLE_USER_SCRIPT_SANDBOXING = YES;
				GCC_C_LANGUAGE_STANDARD = gnu17;
				GCC_DYNAMIC_NO_PIC = NO;
				GCC_NO_COMMON_BLOCKS = YES;
				GCC_OPTIMIZATION_LEVEL = 0;
				GCC_PREPROCESSOR_DEFINITIONS = (
					"DEBUG=1",
					"$(inherited)",
				);
				GCC_WARN_64_TO_32_BIT_CONVERSION = YES;
				GCC_WARN_ABOUT_RETURN_TYPE = YES_ERROR;
				GCC_WARN_UNDECLARED_SELECTOR = YES;
				GCC_WARN_UNINITIALIZED_AUTOS = YES_AGGRESSIVE;
				GCC_WARN_UNUSED_FUNCTION = YES;
				GCC_WARN_UNUSED_VARIABLE = YES;
				LOCALIZATION_PREFERS_STRING_CATALOGS = YES;
				MACOSX_DEPLOYMENT_TARGET = 14.0;
				MTL_ENABLE_DEBUG_INFO = INCLUDE_SOURCE;
				MTL_FAST_MATH = YES;
				ONLY_ACTIVE_ARCH = YES;
				SDKROOT = macosx;
				SWIFT_ACTIVE_COMPILATION_CONDITIONS = "DEBUG $(inherited)";
				SWIFT_OPTIMIZATION_LEVEL = "-Onone";
			};
			name = Debug;
		};
		509750292AE5F580002CD7DB /* Release */ = {
			isa = XCBuildConfiguration;
			buildSettings = {
				ALWAYS_SEARCH_USER_PATHS = NO;
				ASSETCATALOG_COMPILER_GENERATE_SWIFT_ASSET_SYMBOL_EXTENSIONS = YES;
				CLANG_ANALYZER_NONNULL = YES;
				CLANG_ANALYZER_NUMBER_OBJECT_CONVERSION = YES_AGGRESSIVE;
				CLANG_CXX_LANGUAGE_STANDARD = "gnu++20";
				CLANG_ENABLE_MODULES = YES;
				CLANG_ENABLE_OBJC_ARC = YES;
				CLANG_ENABLE_OBJC_WEAK = YES;
				CLANG_WARN_BLOCK_CAPTURE_AUTORELEASING = YES;
				CLANG_WARN_BOOL_CONVERSION = YES;
				CLANG_WARN_COMMA = YES;
				CLANG_WARN_CONSTANT_CONVERSION = YES;
				CLANG_WARN_DEPRECATED_OBJC_IMPLEMENTATIONS = YES;
				CLANG_WARN_DIRECT_OBJC_ISA_USAGE = YES_ERROR;
				CLANG_WARN_DOCUMENTATION_COMMENTS = YES;
				CLANG_WARN_EMPTY_BODY = YES;
				CLANG_WARN_ENUM_CONVERSION = YES;
				CLANG_WARN_INFINITE_RECURSION = YES;
				CLANG_WARN_INT_CONVERSION = YES;
				CLANG_WARN_NON_LITERAL_NULL_CONVERSION = YES;
				CLANG_WARN_OBJC_IMPLICIT_RETAIN_SELF = YES;
				CLANG_WARN_OBJC_LITERAL_CONVERSION = YES;
				CLANG_WARN_OBJC_ROOT_CLASS = YES_ERROR;
				CLANG_WARN_QUOTED_INCLUDE_IN_FRAMEWORK_HEADER = YES;
				CLANG_WARN_RANGE_LOOP_ANALYSIS = YES;
				CLANG_WARN_STRICT_PROTOTYPES = YES;
				CLANG_WARN_SUSPICIOUS_MOVE = YES;
				CLANG_WARN_UNGUARDED_AVAILABILITY = YES_AGGRESSIVE;
				CLANG_WARN_UNREACHABLE_CODE = YES;
				CLANG_WARN__DUPLICATE_METHOD_MATCH = YES;
				COPY_PHASE_STRIP = NO;
				DEBUG_INFORMATION_FORMAT = "dwarf-with-dsym";
				ENABLE_NS_ASSERTIONS = NO;
				ENABLE_STRICT_OBJC_MSGSEND = YES;
				ENABLE_USER_SCRIPT_SANDBOXING = YES;
				GCC_C_LANGUAGE_STANDARD = gnu17;
				GCC_NO_COMMON_BLOCKS = YES;
				GCC_WARN_64_TO_32_BIT_CONVERSION = YES;
				GCC_WARN_ABOUT_RETURN_TYPE = YES_ERROR;
				GCC_WARN_UNDECLARED_SELECTOR = YES;
				GCC_WARN_UNINITIALIZED_AUTOS = YES_AGGRESSIVE;
				GCC_WARN_UNUSED_FUNCTION = YES;
				GCC_WARN_UNUSED_VARIABLE = YES;
				LOCALIZATION_PREFERS_STRING_CATALOGS = YES;
				MACOSX_DEPLOYMENT_TARGET = 14.0;
				MTL_ENABLE_DEBUG_INFO = NO;
				MTL_FAST_MATH = YES;
				SDKROOT = macosx;
				SWIFT_COMPILATION_MODE = wholemodule;
			};
			name = Release;
		};
		5097502B2AE5F580002CD7DB /* Debug */ = {
			isa = XCBuildConfiguration;
			buildSettings = {
				ASSETCATALOG_COMPILER_APPICON_NAME = AppIcon;
				ASSETCATALOG_COMPILER_GLOBAL_ACCENT_COLOR_NAME = AccentColor;
				CODE_SIGN_ENTITLEMENTS = HeadSheets/HeadSheets.entitlements;
				CODE_SIGN_STYLE = Automatic;
				COMBINE_HIDPI_IMAGES = YES;
				CURRENT_PROJECT_VERSION = 1;
				DEVELOPMENT_ASSET_PATHS = "\"HeadSheets/Preview Content\"";
				ENABLE_PREVIEWS = YES;
				GENERATE_INFOPLIST_FILE = YES;
				INFOPLIST_FILE = HeadSheets/Info.plist;
				INFOPLIST_KEY_NSHumanReadableCopyright = "";
				LD_RUNPATH_SEARCH_PATHS = (
					"$(inherited)",
					"@executable_path/../Frameworks",
				);
				MARKETING_VERSION = 1.0;
				PRODUCT_BUNDLE_IDENTIFIER = liu.HeadSheets;
				PRODUCT_NAME = "$(TARGET_NAME)";
				SWIFT_EMIT_LOC_STRINGS = YES;
				SWIFT_VERSION = 5.0;
			};
			name = Debug;
		};
		5097502C2AE5F580002CD7DB /* Release */ = {
			isa = XCBuildConfiguration;
			buildSettings = {
				ASSETCATALOG_COMPILER_APPICON_NAME = AppIcon;
				ASSETCATALOG_COMPILER_GLOBAL_ACCENT_COLOR_NAME = AccentColor;
				CODE_SIGN_ENTITLEMENTS = HeadSheets/HeadSheets.entitlements;
				CODE_SIGN_STYLE = Automatic;
				COMBINE_HIDPI_IMAGES = YES;
				CURRENT_PROJECT_VERSION = 1;
				DEVELOPMENT_ASSET_PATHS = "\"HeadSheets/Preview Content\"";
				ENABLE_PREVIEWS = YES;
				GENERATE_INFOPLIST_FILE = YES;
				INFOPLIST_FILE = HeadSheets/Info.plist;
				INFOPLIST_KEY_NSHumanReadableCopyright = "";
				LD_RUNPATH_SEARCH_PATHS = (
					"$(inherited)",
					"@executable_path/../Frameworks",
				);
				MARKETING_VERSION = 1.0;
				PRODUCT_BUNDLE_IDENTIFIER = liu.HeadSheets;
				PRODUCT_NAME = "$(TARGET_NAME)";
				SWIFT_EMIT_LOC_STRINGS = YES;
				SWIFT_VERSION = 5.0;
			};
			name = Release;
		};
		5097502E2AE5F580002CD7DB /* Debug */ = {
			isa = XCBuildConfiguration;
			buildSettings = {
				ALWAYS_EMBED_SWIFT_STANDARD_LIBRARIES = YES;
				BUNDLE_LOADER = "$(TEST_HOST)";
				CODE_SIGN_STYLE = Automatic;
				CURRENT_PROJECT_VERSION = 1;
				GENERATE_INFOPLIST_FILE = YES;
				MACOSX_DEPLOYMENT_TARGET = 14.0;
				MARKETING_VERSION = 1.0;
				PRODUCT_BUNDLE_IDENTIFIER = liu.HeadSheetsTests;
				PRODUCT_NAME = "$(TARGET_NAME)";
				SWIFT_EMIT_LOC_STRINGS = NO;
				SWIFT_VERSION = 5.0;
				TEST_HOST = "$(BUILT_PRODUCTS_DIR)/HeadSheets.app/$(BUNDLE_EXECUTABLE_FOLDER_PATH)/HeadSheets";
			};
			name = Debug;
		};
		5097502F2AE5F580002CD7DB /* Release */ = {
			isa = XCBuildConfiguration;
			buildSettings = {
				ALWAYS_EMBED_SWIFT_STANDARD_LIBRARIES = YES;
				BUNDLE_LOADER = "$(TEST_HOST)";
				CODE_SIGN_STYLE = Automatic;
				CURRENT_PROJECT_VERSION = 1;
				GENERATE_INFOPLIST_FILE = YES;
				MACOSX_DEPLOYMENT_TARGET = 14.0;
				MARKETING_VERSION = 1.0;
				PRODUCT_BUNDLE_IDENTIFIER = liu.HeadSheetsTests;
				PRODUCT_NAME = "$(TARGET_NAME)";
				SWIFT_EMIT_LOC_STRINGS = NO;
				SWIFT_VERSION = 5.0;
				TEST_HOST = "$(BUILT_PRODUCTS_DIR)/HeadSheets.app/$(BUNDLE_EXECUTABLE_FOLDER_PATH)/HeadSheets";
			};
			name = Release;
		};
		509750312AE5F580002CD7DB /* Debug */ = {
			isa = XCBuildConfiguration;
			buildSettings = {
				ALWAYS_EMBED_SWIFT_STANDARD_LIBRARIES = YES;
				CODE_SIGN_STYLE = Automatic;
				CURRENT_PROJECT_VERSION = 1;
				GENERATE_INFOPLIST_FILE = YES;
				MARKETING_VERSION = 1.0;
				PRODUCT_BUNDLE_IDENTIFIER = liu.HeadSheetsUITests;
				PRODUCT_NAME = "$(TARGET_NAME)";
				SWIFT_EMIT_LOC_STRINGS = NO;
				SWIFT_VERSION = 5.0;
				TEST_TARGET_NAME = HeadSheets;
			};
			name = Debug;
		};
		509750322AE5F580002CD7DB /* Release */ = {
			isa = XCBuildConfiguration;
			buildSettings = {
				ALWAYS_EMBED_SWIFT_STANDARD_LIBRARIES = YES;
				CODE_SIGN_STYLE = Automatic;
				CURRENT_PROJECT_VERSION = 1;
				GENERATE_INFOPLIST_FILE = YES;
				MARKETING_VERSION = 1.0;
				PRODUCT_BUNDLE_IDENTIFIER = liu.HeadSheetsUITests;
				PRODUCT_NAME = "$(TARGET_NAME)";
				SWIFT_EMIT_LOC_STRINGS = NO;
				SWIFT_VERSION = 5.0;
				TEST_TARGET_NAME = HeadSheets;
			};
			name = Release;
		};
/* End XCBuildConfiguration section */

/* Begin XCConfigurationList section */
		50974FFD2AE5F57F002CD7DB /* Build configuration list for PBXProject "HeadSheets" */ = {
			isa = XCConfigurationList;
			buildConfigurations = (
				509750282AE5F580002CD7DB /* Debug */,
				509750292AE5F580002CD7DB /* Release */,
			);
			defaultConfigurationIsVisible = 0;
			defaultConfigurationName = Release;
		};
		5097502A2AE5F580002CD7DB /* Build configuration list for PBXNativeTarget "HeadSheets" */ = {
			isa = XCConfigurationList;
			buildConfigurations = (
				5097502B2AE5F580002CD7DB /* Debug */,
				5097502C2AE5F580002CD7DB /* Release */,
			);
			defaultConfigurationIsVisible = 0;
			defaultConfigurationName = Release;
		};
		5097502D2AE5F580002CD7DB /* Build configuration list for PBXNativeTarget "HeadSheetsTests" */ = {
			isa = XCConfigurationList;
			buildConfigurations = (
				5097502E2AE5F580002CD7DB /* Debug */,
				5097502F2AE5F580002CD7DB /* Release */,
			);
			defaultConfigurationIsVisible = 0;
			defaultConfigurationName = Release;
		};
		509750302AE5F580002CD7DB /* Build configuration list for PBXNativeTarget "HeadSheetsUITests" */ = {
			isa = XCConfigurationList;
			buildConfigurations = (
				509750312AE5F580002CD7DB /* Debug */,
				509750322AE5F580002CD7DB /* Release */,
			);
			defaultConfigurationIsVisible = 0;
			defaultConfigurationName = Release;
		};
/* End XCConfigurationList section */
	};
	rootObject = 50974FFA2AE5F57F002CD7DB /* Project object */;
}
